
Microsoft Visual Studio Solution File, Format Version 12.00
# Visual Studio Version 17
VisualStudioVersion = 17.1.32210.238
MinimumVisualStudioVersion = 10.0.40219.1
Project("{FAE04EC0-301F-11D3-BF4B-00C04F79EFBC}") = "my-c-variable-assignment 1", "my-c-variable-assignment 1.csproj", "{E4F57133-E34F-4C93-8110-6C31DA84157C}"
EndProject
Global
	GlobalSection(SolutionConfigurationPlatforms) = preSolution
		Debug|Any CPU = Debug|Any CPU
		Release|Any CPU = Release|Any CPU
	EndGlobalSection
	GlobalSection(ProjectConfigurationPlatforms) = postSolution
		{E4F57133-E34F-4C93-8110-6C31DA84157C}.Debug|Any CPU.ActiveCfg = Debug|Any CPU
		{E4F57133-E34F-4C93-8110-6C31DA84157C}.Debug|Any CPU.Build.0 = Debug|Any CPU
		{E4F57133-E34F-4C93-8110-6C31DA84157C}.Release|Any CPU.ActiveCfg = Release|Any CPU
		{E4F57133-E34F-4C93-8110-6C31DA84157C}.Release|Any CPU.Build.0 = Release|Any CPU
	EndGlobalSection
	GlobalSection(SolutionProperties) = preSolution
		HideSolutionNode = FALSE
	EndGlobalSection
	GlobalSection(ExtensibilityGlobals) = postSolution
		SolutionGuid = {A58D5157-56EE-44A3-86C4-8A58E1C739BF}
	EndGlobalSection
EndGlobal
